
Microsoft Visual Studio Solution File, Format Version 12.00
# Visual Studio Version 16
VisualStudioVersion = 16.0.31129.286
MinimumVisualStudioVersion = 10.0.40219.1
Project("{FAE04EC0-301F-11D3-BF4B-00C04F79EFBC}") = "WindowsFormsApp1", "WindowsFormsApp1\WindowsFormsApp1.csproj", "{44EB5474-4D42-4D0C-A77E-9534FBA45C02}"
EndProject
Global
	GlobalSection(SolutionConfigurationPlatforms) = preSolution
		Debug|Any CPU = Debug|Any CPU
		Release|Any CPU = Release|Any CPU
	EndGlobalSection
	GlobalSection(ProjectConfigurationPlatforms) = postSolution
		{44EB5474-4D42-4D0C-A77E-9534FBA45C02}.Debug|Any CPU.ActiveCfg = Debug|Any CPU
		{44EB5474-4D42-4D0C-A77E-9534FBA45C02}.Debug|Any CPU.Build.0 = Debug|Any CPU
		{44EB5474-4D42-4D0C-A77E-9534FBA45C02}.Release|Any CPU.ActiveCfg = Release|Any CPU
		{44EB5474-4D42-4D0C-A77E-9534FBA45C02}.Release|Any CPU.Build.0 = Release|Any CPU
	EndGlobalSection
	GlobalSection(SolutionProperties) = preSolution
		HideSolutionNode = FALSE
	EndGlobalSection
	GlobalSection(ExtensibilityGlobals) = postSolution
		SolutionGuid = {5BD13D7E-9BD8-4985-B7D9-7C7DA035B498}
	EndGlobalSection
EndGlobal
